
Microsoft Visual Studio Solution File, Format Version 12.00
# Visual Studio Version 17
VisualStudioVersion = 17.4.33205.214
MinimumVisualStudioVersion = 10.0.40219.1
Project("{FAE04EC0-301F-11D3-BF4B-00C04F79EFBC}") = "As1_BackAlleyDice", "As1_BackAlleyDice\As1_BackAlleyDice.csproj", "{7A0C8755-5101-471D-8776-E98D999DBA05}"
EndProject
Global
	GlobalSection(SolutionConfigurationPlatforms) = preSolution
		Debug|Any CPU = Debug|Any CPU
		Release|Any CPU = Release|Any CPU
	EndGlobalSection
	GlobalSection(ProjectConfigurationPlatforms) = postSolution
		{7A0C8755-5101-471D-8776-E98D999DBA05}.Debug|Any CPU.ActiveCfg = Debug|Any CPU
		{7A0C8755-5101-471D-8776-E98D999DBA05}.Debug|Any CPU.Build.0 = Debug|Any CPU
		{7A0C8755-5101-471D-8776-E98D999DBA05}.Release|Any CPU.ActiveCfg = Release|Any CPU
		{7A0C8755-5101-471D-8776-E98D999DBA05}.Release|Any CPU.Build.0 = Release|Any CPU
	EndGlobalSection
	GlobalSection(SolutionProperties) = preSolution
		HideSolutionNode = FALSE
	EndGlobalSection
	GlobalSection(ExtensibilityGlobals) = postSolution
		SolutionGuid = {391CD405-591F-4A7E-A08E-F13D28741AC5}
	EndGlobalSection
EndGlobal
